
Microsoft Visual Studio Solution File, Format Version 12.00
# Visual Studio Version 16
VisualStudioVersion = 16.0.31205.134
MinimumVisualStudioVersion = 10.0.40219.1
Project("{9A19103F-16F7-4668-BE54-9A1E7A4F7556}") = "WebApiFlowing", "WebApiFlowing\WebApiFlowing.csproj", "{DB6990D9-E360-44B7-8E1E-74BA1632A4C5}"
EndProject
Project("{9A19103F-16F7-4668-BE54-9A1E7A4F7556}") = "WebApiFlowing.Test", "WebApiFlowing.Test\WebApiFlowing.Test.csproj", "{5DD832E0-E98D-4EE2-94EB-7307F9F86213}"
EndProject
Project("{FAE04EC0-301F-11D3-BF4B-00C04F79EFBC}") = "WebApiFlowing.IntegrationTest", "WebApiFlowing.IntegrationTest\WebApiFlowing.IntegrationTest.csproj", "{FDA46A50-AA4E-4431-9123-B725568F6779}"
EndProject
Global
	GlobalSection(SolutionConfigurationPlatforms) = preSolution
		Debug|Any CPU = Debug|Any CPU
		Release|Any CPU = Release|Any CPU
	EndGlobalSection
	GlobalSection(ProjectConfigurationPlatforms) = postSolution
		{DB6990D9-E360-44B7-8E1E-74BA1632A4C5}.Debug|Any CPU.ActiveCfg = Debug|Any CPU
		{DB6990D9-E360-44B7-8E1E-74BA1632A4C5}.Debug|Any CPU.Build.0 = Debug|Any CPU
		{DB6990D9-E360-44B7-8E1E-74BA1632A4C5}.Release|Any CPU.ActiveCfg = Release|Any CPU
		{DB6990D9-E360-44B7-8E1E-74BA1632A4C5}.Release|Any CPU.Build.0 = Release|Any CPU
		{5DD832E0-E98D-4EE2-94EB-7307F9F86213}.Debug|Any CPU.ActiveCfg = Debug|Any CPU
		{5DD832E0-E98D-4EE2-94EB-7307F9F86213}.Debug|Any CPU.Build.0 = Debug|Any CPU
		{5DD832E0-E98D-4EE2-94EB-7307F9F86213}.Release|Any CPU.ActiveCfg = Release|Any CPU
		{5DD832E0-E98D-4EE2-94EB-7307F9F86213}.Release|Any CPU.Build.0 = Release|Any CPU
		{FDA46A50-AA4E-4431-9123-B725568F6779}.Debug|Any CPU.ActiveCfg = Debug|Any CPU
		{FDA46A50-AA4E-4431-9123-B725568F6779}.Debug|Any CPU.Build.0 = Debug|Any CPU
		{FDA46A50-AA4E-4431-9123-B725568F6779}.Release|Any CPU.ActiveCfg = Release|Any CPU
		{FDA46A50-AA4E-4431-9123-B725568F6779}.Release|Any CPU.Build.0 = Release|Any CPU
	EndGlobalSection
	GlobalSection(SolutionProperties) = preSolution
		HideSolutionNode = FALSE
	EndGlobalSection
	GlobalSection(ExtensibilityGlobals) = postSolution
		SolutionGuid = {5A86B63C-CCD9-461B-B7CD-4BB53B91C436}
	EndGlobalSection
EndGlobal
